
Microsoft Visual Studio Solution File, Format Version 12.00
Project("{2150E333-8FDC-42A3-9474-1A3956D46DE8}") = "common", "common", "{0D67E7F5-5755-446E-991B-EBF6BCF3A659}"
	ProjectSection(SolutionItems) = preProject
		.editorconfig = .editorconfig
		.gitignore = .gitignore
		Directory.Build.props = Directory.Build.props
		Directory.Packages.props = Directory.Packages.props
		readme.md = readme.md
		docker-compose.yml = docker-compose.yml
	EndProjectSection
EndProject
Project("{2150E333-8FDC-42A3-9474-1A3956D46DE8}") = "src", "src", "{F769AE4F-2AA0-4204-99B0-DEAF18BFCFCC}"
EndProject
Project("{2150E333-8FDC-42A3-9474-1A3956D46DE8}") = "tests", "tests", "{2B185019-54A5-4DB0-88AB-11EC9ED77E9F}"
EndProject
Project("{FAE04EC0-301F-11D3-BF4B-00C04F79EFBC}") = "Ozon.Route256.KafkaRedis.KafkaProducer", "src\Ozon.Route256.KafkaRedis.KafkaProducer\Ozon.Route256.KafkaRedis.KafkaProducer.csproj", "{DC01F156-B264-440C-AAA6-43397474F8B1}"
EndProject
Project("{FAE04EC0-301F-11D3-BF4B-00C04F79EFBC}") = "Ozon.Route256.KafkaRedis.KafkaConsumer", "src\Ozon.Route256.KafkaRedis.KafkaConsumer\Ozon.Route256.KafkaRedis.KafkaConsumer.csproj", "{BD525C9B-31B3-4CC0-B413-CD4D6C7B9F54}"
EndProject
Project("{FAE04EC0-301F-11D3-BF4B-00C04F79EFBC}") = "Ozon.Route256.KafkaRedis.Redis", "src\Ozon.Route256.KafkaRedis.Redis\Ozon.Route256.KafkaRedis.Redis.csproj", "{8E92AECB-798C-4698-AEDF-017653B40F7A}"
EndProject
Project("{FAE04EC0-301F-11D3-BF4B-00C04F79EFBC}") = "Ozon.Route256.KafkaRedis.Tests", "tests\Ozon.Route256.KafkaRedis.Tests\Ozon.Route256.KafkaRedis.Tests.csproj", "{E49684B2-3F49-4AD6-AA7D-4872ECF63DCB}"
EndProject
Global
	GlobalSection(SolutionConfigurationPlatforms) = preSolution
		Debug|Any CPU = Debug|Any CPU
		Release|Any CPU = Release|Any CPU
	EndGlobalSection
	GlobalSection(ProjectConfigurationPlatforms) = postSolution
		
		{DC01F156-B264-440C-AAA6-43397474F8B1}.Debug|Any CPU.ActiveCfg = Debug|Any CPU
		{DC01F156-B264-440C-AAA6-43397474F8B1}.Debug|Any CPU.Build.0 = Debug|Any CPU
		{DC01F156-B264-440C-AAA6-43397474F8B1}.Release|Any CPU.ActiveCfg = Release|Any CPU
		{DC01F156-B264-440C-AAA6-43397474F8B1}.Release|Any CPU.Build.0 = Release|Any CPU
		{BD525C9B-31B3-4CC0-B413-CD4D6C7B9F54}.Debug|Any CPU.ActiveCfg = Debug|Any CPU
		{BD525C9B-31B3-4CC0-B413-CD4D6C7B9F54}.Debug|Any CPU.Build.0 = Debug|Any CPU
		{BD525C9B-31B3-4CC0-B413-CD4D6C7B9F54}.Release|Any CPU.ActiveCfg = Release|Any CPU
		{BD525C9B-31B3-4CC0-B413-CD4D6C7B9F54}.Release|Any CPU.Build.0 = Release|Any CPU
		{8E92AECB-798C-4698-AEDF-017653B40F7A}.Debug|Any CPU.ActiveCfg = Debug|Any CPU
		{8E92AECB-798C-4698-AEDF-017653B40F7A}.Debug|Any CPU.Build.0 = Debug|Any CPU
		{8E92AECB-798C-4698-AEDF-017653B40F7A}.Release|Any CPU.ActiveCfg = Release|Any CPU
		{8E92AECB-798C-4698-AEDF-017653B40F7A}.Release|Any CPU.Build.0 = Release|Any CPU
		{E49684B2-3F49-4AD6-AA7D-4872ECF63DCB}.Debug|Any CPU.ActiveCfg = Debug|Any CPU
		{E49684B2-3F49-4AD6-AA7D-4872ECF63DCB}.Debug|Any CPU.Build.0 = Debug|Any CPU
		{E49684B2-3F49-4AD6-AA7D-4872ECF63DCB}.Release|Any CPU.ActiveCfg = Release|Any CPU
		{E49684B2-3F49-4AD6-AA7D-4872ECF63DCB}.Release|Any CPU.Build.0 = Release|Any CPU
	EndGlobalSection
	GlobalSection(NestedProjects) = preSolution
		
		{DC01F156-B264-440C-AAA6-43397474F8B1} = {F769AE4F-2AA0-4204-99B0-DEAF18BFCFCC}
		{BD525C9B-31B3-4CC0-B413-CD4D6C7B9F54} = {F769AE4F-2AA0-4204-99B0-DEAF18BFCFCC}
		{8E92AECB-798C-4698-AEDF-017653B40F7A} = {F769AE4F-2AA0-4204-99B0-DEAF18BFCFCC}
		{E49684B2-3F49-4AD6-AA7D-4872ECF63DCB} = {2B185019-54A5-4DB0-88AB-11EC9ED77E9F}
	EndGlobalSection
EndGlobal
