
Microsoft Visual Studio Solution File, Format Version 12.00
Project("{FAE04EC0-301F-11D3-BF4B-00C04F79EFBC}") = "Ozon.ConsoleApp", "Ozon.ConsoleApp\Ozon.ConsoleApp.csproj", "{00305AC6-C0DA-42FE-BB6B-B0FB88C3B7AE}"
EndProject
Project("{FAE04EC0-301F-11D3-BF4B-00C04F79EFBC}") = "App.Tests", "App.Tests\App.Tests.csproj", "{9FDDD26A-C674-4C4E-8C14-CB42015C7E57}"
EndProject
Project("{2150E333-8FDC-42A3-9474-1A3956D46DE8}") = "doc", "doc", "{82DF8E5D-5A3F-4A25-8C7A-D129A687053C}"
	ProjectSection(SolutionItems) = preProject
		readme.md = readme.md
	EndProjectSection
EndProject
Global
	GlobalSection(SolutionConfigurationPlatforms) = preSolution
		Debug|Any CPU = Debug|Any CPU
		Release|Any CPU = Release|Any CPU
	EndGlobalSection
	GlobalSection(ProjectConfigurationPlatforms) = postSolution
		{00305AC6-C0DA-42FE-BB6B-B0FB88C3B7AE}.Debug|Any CPU.ActiveCfg = Debug|Any CPU
		{00305AC6-C0DA-42FE-BB6B-B0FB88C3B7AE}.Debug|Any CPU.Build.0 = Debug|Any CPU
		{00305AC6-C0DA-42FE-BB6B-B0FB88C3B7AE}.Release|Any CPU.ActiveCfg = Release|Any CPU
		{00305AC6-C0DA-42FE-BB6B-B0FB88C3B7AE}.Release|Any CPU.Build.0 = Release|Any CPU
		{9FDDD26A-C674-4C4E-8C14-CB42015C7E57}.Debug|Any CPU.ActiveCfg = Debug|Any CPU
		{9FDDD26A-C674-4C4E-8C14-CB42015C7E57}.Debug|Any CPU.Build.0 = Debug|Any CPU
		{9FDDD26A-C674-4C4E-8C14-CB42015C7E57}.Release|Any CPU.ActiveCfg = Release|Any CPU
		{9FDDD26A-C674-4C4E-8C14-CB42015C7E57}.Release|Any CPU.Build.0 = Release|Any CPU
	EndGlobalSection
EndGlobal
